
Microsoft Visual Studio Solution File, Format Version 12.00
# Visual Studio Version 17
VisualStudioVersion = 17.2.32616.157
MinimumVisualStudioVersion = 10.0.40219.1
Project("{FAE04EC0-301F-11D3-BF4B-00C04F79EFBC}") = "Atividade1-DS-3bim", "Atividade1-DS-3bim\Atividade1-DS-3bim.csproj", "{53CE084A-6808-4BF7-8109-B334E4934D73}"
EndProject
Global
	GlobalSection(SolutionConfigurationPlatforms) = preSolution
		Debug|Any CPU = Debug|Any CPU
		Release|Any CPU = Release|Any CPU
	EndGlobalSection
	GlobalSection(ProjectConfigurationPlatforms) = postSolution
		{53CE084A-6808-4BF7-8109-B334E4934D73}.Debug|Any CPU.ActiveCfg = Debug|Any CPU
		{53CE084A-6808-4BF7-8109-B334E4934D73}.Debug|Any CPU.Build.0 = Debug|Any CPU
		{53CE084A-6808-4BF7-8109-B334E4934D73}.Release|Any CPU.ActiveCfg = Release|Any CPU
		{53CE084A-6808-4BF7-8109-B334E4934D73}.Release|Any CPU.Build.0 = Release|Any CPU
	EndGlobalSection
	GlobalSection(SolutionProperties) = preSolution
		HideSolutionNode = FALSE
	EndGlobalSection
	GlobalSection(ExtensibilityGlobals) = postSolution
		SolutionGuid = {D90D9136-8DA9-4B80-BA9C-AFBD2EF177C1}
	EndGlobalSection
EndGlobal
